<?xml version="1.0" encoding="utf-8"?>
<Project ToolsVersion="4.0" xmlns="http://schemas.microsoft.com/developer/msbuild/2003">
  <ItemGroup>
    <Filter Include="Source Files">
      <UniqueIdentifier>{4FC737F1-C7A5-4376-A066-2A32D752A2FF}</UniqueIdentifier>
      <Extensions>cpp;c;cc;cxx;def;odl;idl;hpj;bat;asm;asmx</Extensions>
    </Filter>
    <Filter Include="Header Files">
      <UniqueIdentifier>{93995380-89BD-4b04-88EB-625FBE52EBFB}</UniqueIdentifier>
      <Extensions>h;hh;hpp;hxx;hm;inl;inc;xsd</Extensions>
    </Filter>
    <Filter Include="Resource Files">
      <UniqueIdentifier>{67DA6AB6-F800-4c08-8B7A-83BB121AAD01}</UniqueIdentifier>
      <Extensions>rc;ico;cur;bmp;dlg;rc2;rct;bin;rgs;gif;jpg;jpeg;jpe;resx;tiff;tif;png;wav;mfcribbon-ms</Extensions>
    </Filter>
    <Filter Include="Source Files\Dungeon">
      <UniqueIdentifier>{b82cecfb-d53a-48e8-88cb-501ddc78b55d}</UniqueIdentifier>
    </Filter>
    <Filter Include="Source Files\EventHandle">
      <UniqueIdentifier>{55feccc7-a67e-4f56-91e1-29f3dd4778e3}</UniqueIdentifier>
    </Filter>
    <Filter Include="Source Files\LoopHandle">
      <UniqueIdentifier>{cb5a787d-55d8-41f8-8943-8b4536983bbd}</UniqueIdentifier>
    </Filter>
    <Filter Include="Source Files\Dungeon\Grid">
      <UniqueIdentifier>{595d9ac2-62ec-427d-9e28-c0fe058874eb}</UniqueIdentifier>
    </Filter>
    <Filter Include="Source Files\Dungeon\Robot">
      <UniqueIdentifier>{cb434be9-9092-4ace-9c14-2b25afe97c01}</UniqueIdentifier>
    </Filter>
    <Filter Include="Source Files\System">
      <UniqueIdentifier>{8d51d2ef-d3b7-430c-8187-b84e24c6bc6b}</UniqueIdentifier>
    </Filter>
    <Filter Include="Source Files\LoopHandle\MainLoop">
      <UniqueIdentifier>{06ba0ffb-dcc7-4cd1-a65f-1b88cb9ac0c6}</UniqueIdentifier>
    </Filter>
    <Filter Include="Source Files\LoopHandle\Loop">
      <UniqueIdentifier>{0edd5794-2dba-4998-bc09-edff157e6df2}</UniqueIdentifier>
    </Filter>
  </ItemGroup>
  <ItemGroup>
    <ClCompile Include="Dungeon.cpp">
      <Filter>Source Files\Dungeon</Filter>
    </ClCompile>
    <ClCompile Include="Robot.cpp">
      <Filter>Source Files\Dungeon\Robot</Filter>
    </ClCompile>
    <ClCompile Include="Main.cpp">
      <Filter>Source Files</Filter>
    </ClCompile>
    <ClCompile Include="EventHandle.cpp">
      <Filter>Source Files\EventHandle</Filter>
    </ClCompile>
    <ClCompile Include="LoopHandle.cpp">
      <Filter>Source Files\LoopHandle</Filter>
    </ClCompile>
    <ClCompile Include="Grid.cpp">
      <Filter>Source Files\Dungeon\Grid</Filter>
    </ClCompile>
    <ClCompile Include="System.cpp">
      <Filter>Source Files\System</Filter>
    </ClCompile>
    <ClCompile Include="MainLoop.cpp">
      <Filter>Source Files\LoopHandle\MainLoop</Filter>
    </ClCompile>
    <ClCompile Include="Loop.cpp">
      <Filter>Source Files\LoopHandle\Loop</Filter>
    </ClCompile>
  </ItemGroup>
  <ItemGroup>
    <ClInclude Include="Dungeon.h">
      <Filter>Source Files\Dungeon</Filter>
    </ClInclude>
    <ClInclude Include="Robot.h">
      <Filter>Source Files\Dungeon\Robot</Filter>
    </ClInclude>
    <ClInclude Include="EventHandle.h">
      <Filter>Source Files\EventHandle</Filter>
    </ClInclude>
    <ClInclude Include="LoopHandle.h">
      <Filter>Source Files\LoopHandle</Filter>
    </ClInclude>
    <ClInclude Include="Grid.h">
      <Filter>Source Files\Dungeon\Grid</Filter>
    </ClInclude>
    <ClInclude Include="System.h">
      <Filter>Source Files\System</Filter>
    </ClInclude>
    <ClInclude Include="MainLoop.h">
      <Filter>Source Files\LoopHandle\MainLoop</Filter>
    </ClInclude>
    <ClInclude Include="Loop.h">
      <Filter>Source Files\LoopHandle\Loop</Filter>
    </ClInclude>
  </ItemGroup>
</Project>